lockfileVersion: '9.0'

settings:
  autoInstallPeers: true
  excludeLinksFromLockfile: false

importers:

  .:
    dependencies:
      '@prisma/client':
        specifier: ^6.15.0
        version: 6.15.0(prisma@6.15.0(typescript@5.9.2))(typescript@5.9.2)
      dotenv:
        specifier: ^17.2.1
        version: 17.2.1
      grammy:
        specifier: ^1.38.2
        version: 1.38.2
      zod:
        specifier: ^4.1.5
        version: 4.1.5
    devDependencies:
      '@types/node':
        specifier: ^24.3.0
        version: 24.3.0
      prisma:
        specifier: ^6.15.0
        version: 6.15.0(typescript@5.9.2)
      tsx:
        specifier: ^4.20.5
        version: 4.20.5
      typescript:
        specifier: ^5.9.2
        version: 5.9.2

packages:

  '@esbuild/aix-ppc64@0.25.9':
    resolution: {integrity: sha512-OaGtL73Jck6pBKjNIe24BnFE6agGl+6KxDtTfHhy1HmhthfKouEcOhqpSL64K4/0WCtbKFLOdzD/44cJ4k9opA==}
    engines: {node: '>=18'}
    cpu: [ppc64]
    os: [aix]

  '@esbuild/android-arm64@0.25.9':
    resolution: {integrity: sha512-IDrddSmpSv51ftWslJMvl3Q2ZT98fUSL2/rlUXuVqRXHCs5EUF1/f+jbjF5+NG9UffUDMCiTyh8iec7u8RlTLg==}
    engines: {node: '>=18'}
    cpu: [arm64]
    os: [android]

  '@esbuild/android-arm@0.25.9':
    resolution: {integrity: sha512-5WNI1DaMtxQ7t7B6xa572XMXpHAaI/9Hnhk8lcxF4zVN4xstUgTlvuGDorBguKEnZO70qwEcLpfifMLoxiPqHQ==}
    engines: {node: '>=18'}
    cpu: [arm]
    os: [android]

  '@esbuild/android-x64@0.25.9':
    resolution: {integrity: sha512-I853iMZ1hWZdNllhVZKm34f4wErd4lMyeV7BLzEExGEIZYsOzqDWDf+y082izYUE8gtJnYHdeDpN/6tUdwvfiw==}
    engines: {node: '>=18'}
    cpu: [x64]
    os: [android]

  '@esbuild/darwin-arm64@0.25.9':
    resolution: {integrity: sha512-XIpIDMAjOELi/9PB30vEbVMs3GV1v2zkkPnuyRRURbhqjyzIINwj+nbQATh4H9GxUgH1kFsEyQMxwiLFKUS6Rg==}
    engines: {node: '>=18'}
    cpu: [arm64]
    os: [darwin]

  '@esbuild/darwin-x64@0.25.9':
    resolution: {integrity: sha512-jhHfBzjYTA1IQu8VyrjCX4ApJDnH+ez+IYVEoJHeqJm9VhG9Dh2BYaJritkYK3vMaXrf7Ogr/0MQ8/MeIefsPQ==}
    engines: {node: '>=18'}
    cpu: [x64]
    os: [darwin]

  '@esbuild/freebsd-arm64@0.25.9':
    resolution: {integrity: sha512-z93DmbnY6fX9+KdD4Ue/H6sYs+bhFQJNCPZsi4XWJoYblUqT06MQUdBCpcSfuiN72AbqeBFu5LVQTjfXDE2A6Q==}
    engines: {node: '>=18'}
    cpu: [arm64]
    os: [freebsd]

  '@esbuild/freebsd-x64@0.25.9':
    resolution: {integrity: sha512-mrKX6H/vOyo5v71YfXWJxLVxgy1kyt1MQaD8wZJgJfG4gq4DpQGpgTB74e5yBeQdyMTbgxp0YtNj7NuHN0PoZg==}
    engines: {node: '>=18'}
    cpu: [x64]
    os: [freebsd]

  '@esbuild/linux-arm64@0.25.9':
    resolution: {integrity: sha512-BlB7bIcLT3G26urh5Dmse7fiLmLXnRlopw4s8DalgZ8ef79Jj4aUcYbk90g8iCa2467HX8SAIidbL7gsqXHdRw==}
    engines: {node: '>=18'}
    cpu: [arm64]
    os: [linux]

  '@esbuild/linux-arm@0.25.9':
    resolution: {integrity: sha512-HBU2Xv78SMgaydBmdor38lg8YDnFKSARg1Q6AT0/y2ezUAKiZvc211RDFHlEZRFNRVhcMamiToo7bDx3VEOYQw==}
    engines: {node: '>=18'}
    cpu: [arm]
    os: [linux]

  '@esbuild/linux-ia32@0.25.9':
    resolution: {integrity: sha512-e7S3MOJPZGp2QW6AK6+Ly81rC7oOSerQ+P8L0ta4FhVi+/j/v2yZzx5CqqDaWjtPFfYz21Vi1S0auHrap3Ma3A==}
    engines: {node: '>=18'}
    cpu: [ia32]
    os: [linux]

  '@esbuild/linux-loong64@0.25.9':
    resolution: {integrity: sha512-Sbe10Bnn0oUAB2AalYztvGcK+o6YFFA/9829PhOCUS9vkJElXGdphz0A3DbMdP8gmKkqPmPcMJmJOrI3VYB1JQ==}
    engines: {node: '>=18'}
    cpu: [loong64]
    os: [linux]

  '@esbuild/linux-mips64el@0.25.9':
    resolution: {integrity: sha512-YcM5br0mVyZw2jcQeLIkhWtKPeVfAerES5PvOzaDxVtIyZ2NUBZKNLjC5z3/fUlDgT6w89VsxP2qzNipOaaDyA==}
    engines: {node: '>=18'}
    cpu: [mips64el]
    os: [linux]

  '@esbuild/linux-ppc64@0.25.9':
    resolution: {integrity: sha512-++0HQvasdo20JytyDpFvQtNrEsAgNG2CY1CLMwGXfFTKGBGQT3bOeLSYE2l1fYdvML5KUuwn9Z8L1EWe2tzs1w==}
    engines: {node: '>=18'}
    cpu: [ppc64]
    os: [linux]

  '@esbuild/linux-riscv64@0.25.9':
    resolution: {integrity: sha512-uNIBa279Y3fkjV+2cUjx36xkx7eSjb8IvnL01eXUKXez/CBHNRw5ekCGMPM0BcmqBxBcdgUWuUXmVWwm4CH9kg==}
    engines: {node: '>=18'}
    cpu: [riscv64]
    os: [linux]

  '@esbuild/linux-s390x@0.25.9':
    resolution: {integrity: sha512-Mfiphvp3MjC/lctb+7D287Xw1DGzqJPb/J2aHHcHxflUo+8tmN/6d4k6I2yFR7BVo5/g7x2Monq4+Yew0EHRIA==}
    engines: {node: '>=18'}
    cpu: [s390x]
    os: [linux]

  '@esbuild/linux-x64@0.25.9':
    resolution: {integrity: sha512-iSwByxzRe48YVkmpbgoxVzn76BXjlYFXC7NvLYq+b+kDjyyk30J0JY47DIn8z1MO3K0oSl9fZoRmZPQI4Hklzg==}
    engines: {node: '>=18'}
    cpu: [x64]
    os: [linux]

  '@esbuild/netbsd-arm64@0.25.9':
    resolution: {integrity: sha512-9jNJl6FqaUG+COdQMjSCGW4QiMHH88xWbvZ+kRVblZsWrkXlABuGdFJ1E9L7HK+T0Yqd4akKNa/lO0+jDxQD4Q==}
    engines: {node: '>=18'}
    cpu: [arm64]
    os: [netbsd]

  '@esbuild/netbsd-x64@0.25.9':
    resolution: {integrity: sha512-RLLdkflmqRG8KanPGOU7Rpg829ZHu8nFy5Pqdi9U01VYtG9Y0zOG6Vr2z4/S+/3zIyOxiK6cCeYNWOFR9QP87g==}
    engines: {node: '>=18'}
    cpu: [x64]
    os: [netbsd]

  '@esbuild/openbsd-arm64@0.25.9':
    resolution: {integrity: sha512-YaFBlPGeDasft5IIM+CQAhJAqS3St3nJzDEgsgFixcfZeyGPCd6eJBWzke5piZuZ7CtL656eOSYKk4Ls2C0FRQ==}
    engines: {node: '>=18'}
    cpu: [arm64]
    os: [openbsd]

  '@esbuild/openbsd-x64@0.25.9':
    resolution: {integrity: sha512-1MkgTCuvMGWuqVtAvkpkXFmtL8XhWy+j4jaSO2wxfJtilVCi0ZE37b8uOdMItIHz4I6z1bWWtEX4CJwcKYLcuA==}
    engines: {node: '>=18'}
    cpu: [x64]
    os: [openbsd]

  '@esbuild/openharmony-arm64@0.25.9':
    resolution: {integrity: sha512-4Xd0xNiMVXKh6Fa7HEJQbrpP3m3DDn43jKxMjxLLRjWnRsfxjORYJlXPO4JNcXtOyfajXorRKY9NkOpTHptErg==}
    engines: {node: '>=18'}
    cpu: [arm64]
    os: [openharmony]

  '@esbuild/sunos-x64@0.25.9':
    resolution: {integrity: sha512-WjH4s6hzo00nNezhp3wFIAfmGZ8U7KtrJNlFMRKxiI9mxEK1scOMAaa9i4crUtu+tBr+0IN6JCuAcSBJZfnphw==}
    engines: {node: '>=18'}
    cpu: [x64]
    os: [sunos]

  '@esbuild/win32-arm64@0.25.9':
    resolution: {integrity: sha512-mGFrVJHmZiRqmP8xFOc6b84/7xa5y5YvR1x8djzXpJBSv/UsNK6aqec+6JDjConTgvvQefdGhFDAs2DLAds6gQ==}
    engines: {node: '>=18'}
    cpu: [arm64]
    os: [win32]

  '@esbuild/win32-ia32@0.25.9':
    resolution: {integrity: sha512-b33gLVU2k11nVx1OhX3C8QQP6UHQK4ZtN56oFWvVXvz2VkDoe6fbG8TOgHFxEvqeqohmRnIHe5A1+HADk4OQww==}
    engines: {node: '>=18'}
    cpu: [ia32]
    os: [win32]

  '@esbuild/win32-x64@0.25.9':
    resolution: {integrity: sha512-PPOl1mi6lpLNQxnGoyAfschAodRFYXJ+9fs6WHXz7CSWKbOqiMZsubC+BQsVKuul+3vKLuwTHsS2c2y9EoKwxQ==}
    engines: {node: '>=18'}
    cpu: [x64]
    os: [win32]

  '@grammyjs/types@3.22.1':
    resolution: {integrity: sha512-QJX0Y8lpjE+/nuTKGmxybKmvdrLHV7gqbhI/UXoWlJLWtowbwk+oW+ngfHKwegD+ewL2SX8+tQo/1E14Ma0qlw==}

  '@prisma/client@6.15.0':
    resolution: {integrity: sha512-wR2LXUbOH4cL/WToatI/Y2c7uzni76oNFND7+23ypLllBmIS8e3ZHhO+nud9iXSXKFt1SoM3fTZvHawg63emZw==}
    engines: {node: '>=18.18'}
    peerDependencies:
      prisma: '*'
      typescript: '>=5.1.0'
    peerDependenciesMeta:
      prisma:
        optional: true
      typescript:
        optional: true

  '@prisma/config@6.15.0':
    resolution: {integrity: sha512-KMEoec9b2u6zX0EbSEx/dRpx1oNLjqJEBZYyK0S3TTIbZ7GEGoVyGyFRk4C72+A38cuPLbfQGQvgOD+gBErKlA==}

  '@prisma/debug@6.15.0':
    resolution: {integrity: sha512-y7cSeLuQmyt+A3hstAs6tsuAiVXSnw9T55ra77z0nbNkA8Lcq9rNcQg6PI00by/+WnE/aMRJ/W7sZWn2cgIy1g==}

  '@prisma/engines-version@6.15.0-5.85179d7826409ee107a6ba334b5e305ae3fba9fb':
    resolution: {integrity: sha512-a/46aK5j6L3ePwilZYEgYDPrhBQ/n4gYjLxT5YncUTJJNRnTCVjPF86QdzUOLRdYjCLfhtZp9aum90W0J+trrg==}

  '@prisma/engines@6.15.0':
    resolution: {integrity: sha512-opITiR5ddFJ1N2iqa7mkRlohCZqVSsHhRcc29QXeldMljOf4FSellLT0J5goVb64EzRTKcIDeIsJBgmilNcKxA==}

  '@prisma/fetch-engine@6.15.0':
    resolution: {integrity: sha512-xcT5f6b+OWBq6vTUnRCc7qL+Im570CtwvgSj+0MTSGA1o9UDSKZ/WANvwtiRXdbYWECpyC3CukoG3A04VTAPHw==}

  '@prisma/get-platform@6.15.0':
    resolution: {integrity: sha512-Jbb+Xbxyp05NSR1x2epabetHiXvpO8tdN2YNoWoA/ZsbYyxxu/CO/ROBauIFuMXs3Ti+W7N7SJtWsHGaWte9Rg==}

  '@standard-schema/spec@1.0.0':
    resolution: {integrity: sha512-m2bOd0f2RT9k8QJx1JN85cZYyH1RqFBdlwtkSlf4tBDYLCiiZnv1fIIwacK6cqwXavOydf0NPToMQgpKq+dVlA==}

  '@types/node@24.3.0':
    resolution: {integrity: sha512-aPTXCrfwnDLj4VvXrm+UUCQjNEvJgNA8s5F1cvwQU+3KNltTOkBm1j30uNLyqqPNe7gE3KFzImYoZEfLhp4Yow==}

  abort-controller@3.0.0:
    resolution: {integrity: sha512-h8lQ8tacZYnR3vNQTgibj+tODHI5/+l06Au2Pcriv/Gmet0eaj4TwWH41sO9wnHDiQsEj19q0drzdWdeAHtweg==}
    engines: {node: '>=6.5'}

  c12@3.1.0:
    resolution: {integrity: sha512-uWoS8OU1MEIsOv8p/5a82c3H31LsWVR5qiyXVfBNOzfffjUWtPnhAb4BYI2uG2HfGmZmFjCtui5XNWaps+iFuw==}
    peerDependencies:
      magicast: ^0.3.5
    peerDependenciesMeta:
      magicast:
        optional: true

  chokidar@4.0.3:
    resolution: {integrity: sha512-Qgzu8kfBvo+cA4962jnP1KkS6Dop5NS6g7R5LFYJr4b8Ub94PPQXUksCw9PvXoeXPRRddRNC5C1JQUR2SMGtnA==}
    engines: {node: '>= 14.16.0'}

  citty@0.1.6:
    resolution: {integrity: sha512-tskPPKEs8D2KPafUypv2gxwJP8h/OaJmC82QQGGDQcHvXX43xF2VDACcJVmZ0EuSxkpO9Kc4MlrA3q0+FG58AQ==}

  confbox@0.2.2:
    resolution: {integrity: sha512-1NB+BKqhtNipMsov4xI/NnhCKp9XG9NamYp5PVm9klAT0fsrNPjaFICsCFhNhwZJKNh7zB/3q8qXz0E9oaMNtQ==}

  consola@3.4.2:
    resolution: {integrity: sha512-5IKcdX0nnYavi6G7TtOhwkYzyjfJlatbjMjuLSfE2kYT5pMDOilZ4OvMhi637CcDICTmz3wARPoyhqyX1Y+XvA==}
    engines: {node: ^14.18.0 || >=16.10.0}

  debug@4.4.1:
    resolution: {integrity: sha512-KcKCqiftBJcZr++7ykoDIEwSa3XWowTfNPo92BYxjXiyYEVrUQh2aLyhxBCwww+heortUFxEJYcRzosstTEBYQ==}
    engines: {node: '>=6.0'}
    peerDependencies:
      supports-color: '*'
    peerDependenciesMeta:
      supports-color:
        optional: true

  deepmerge-ts@7.1.5:
    resolution: {integrity: sha512-HOJkrhaYsweh+W+e74Yn7YStZOilkoPb6fycpwNLKzSPtruFs48nYis0zy5yJz1+ktUhHxoRDJ27RQAWLIJVJw==}
    engines: {node: '>=16.0.0'}

  defu@6.1.4:
    resolution: {integrity: sha512-mEQCMmwJu317oSz8CwdIOdwf3xMif1ttiM8LTufzc3g6kR+9Pe236twL8j3IYT1F7GfRgGcW6MWxzZjLIkuHIg==}

  destr@2.0.5:
    resolution: {integrity: sha512-ugFTXCtDZunbzasqBxrK93Ik/DRYsO6S/fedkWEMKqt04xZ4csmnmwGDBAb07QWNaGMAmnTIemsYZCksjATwsA==}

  dotenv@16.6.1:
    resolution: {integrity: sha512-uBq4egWHTcTt33a72vpSG0z3HnPuIl6NqYcTrKEg2azoEyl2hpW0zqlxysq2pK9HlDIHyHyakeYaYnSAwd8bow==}
    engines: {node: '>=12'}

  dotenv@17.2.1:
    resolution: {integrity: sha512-kQhDYKZecqnM0fCnzI5eIv5L4cAe/iRI+HqMbO/hbRdTAeXDG+M9FjipUxNfbARuEg4iHIbhnhs78BCHNbSxEQ==}
    engines: {node: '>=12'}

  effect@3.16.12:
    resolution: {integrity: sha512-N39iBk0K71F9nb442TLbTkjl24FLUzuvx2i1I2RsEAQsdAdUTuUoW0vlfUXgkMTUOnYqKnWcFfqw4hK4Pw27hg==}

  empathic@2.0.0:
    resolution: {integrity: sha512-i6UzDscO/XfAcNYD75CfICkmfLedpyPDdozrLMmQc5ORaQcdMoc21OnlEylMIqI7U8eniKrPMxxtj8k0vhmJhA==}
    engines: {node: '>=14'}

  esbuild@0.25.9:
    resolution: {integrity: sha512-CRbODhYyQx3qp7ZEwzxOk4JBqmD/seJrzPa/cGjY1VtIn5E09Oi9/dB4JwctnfZ8Q8iT7rioVv5k/FNT/uf54g==}
    engines: {node: '>=18'}
    hasBin: true

  event-target-shim@5.0.1:
    resolution: {integrity: sha512-i/2XbnSz/uxRCU6+NdVJgKWDTM427+MqYbkQzD321DuCQJUqOuJKIA0IM2+W2xtYHdKOmZ4dR6fExsd4SXL+WQ==}
    engines: {node: '>=6'}

  exsolve@1.0.7:
    resolution: {integrity: sha512-VO5fQUzZtI6C+vx4w/4BWJpg3s/5l+6pRQEHzFRM8WFi4XffSP1Z+4qi7GbjWbvRQEbdIco5mIMq+zX4rPuLrw==}

  fast-check@3.23.2:
    resolution: {integrity: sha512-h5+1OzzfCC3Ef7VbtKdcv7zsstUQwUDlYpUTvjeUsJAssPgLn7QzbboPtL5ro04Mq0rPOsMzl7q5hIbRs2wD1A==}
    engines: {node: '>=8.0.0'}

  fsevents@2.3.3:
    resolution: {integrity: sha512-5xoDfX+fL7faATnagmWPpbFtwh/R77WmMMqqHGS65C3vvB0YHrgF+B1YmZ3441tMj5n63k0212XNoJwzlhffQw==}
    engines: {node: ^8.16.0 || ^10.6.0 || >=11.0.0}
    os: [darwin]

  get-tsconfig@4.10.1:
    resolution: {integrity: sha512-auHyJ4AgMz7vgS8Hp3N6HXSmlMdUyhSUrfBF16w153rxtLIEOE+HGqaBppczZvnHLqQJfiHotCYpNhl0lUROFQ==}

  giget@2.0.0:
    resolution: {integrity: sha512-L5bGsVkxJbJgdnwyuheIunkGatUF/zssUoxxjACCseZYAVbaqdh9Tsmmlkl8vYan09H7sbvKt4pS8GqKLBrEzA==}
    hasBin: true

  grammy@1.38.2:
    resolution: {integrity: sha512-11O8rA3kt54Avk6cIyqdXFphkq1fbFz9Vh8hbbj8vid0VqJbZ4Yz2fpqDeaDONxnX3h9NdE/JGMk7VHVtmwKuQ==}
    engines: {node: ^12.20.0 || >=14.13.1}

  jiti@2.5.1:
    resolution: {integrity: sha512-twQoecYPiVA5K/h6SxtORw/Bs3ar+mLUtoPSc7iMXzQzK8d7eJ/R09wmTwAjiamETn1cXYPGfNnu7DMoHgu12w==}
    hasBin: true

  ms@2.1.3:
    resolution: {integrity: sha512-6FlzubTLZG3J2a/NVCAleEhjzq5oxgHyaCU9yYXvcLsvoVaHJq/s5xXI6/XXP6tz7R9xAOtHnSO/tXtF3WRTlA==}

  node-fetch-native@1.6.7:
    resolution: {integrity: sha512-g9yhqoedzIUm0nTnTqAQvueMPVOuIY16bqgAJJC8XOOubYFNwz6IER9qs0Gq2Xd0+CecCKFjtdDTMA4u4xG06Q==}

  node-fetch@2.7.0:
    resolution: {integrity: sha512-c4FRfUm/dbcWZ7U+1Wq0AwCyFL+3nt2bEw05wfxSz+DWpWsitgmSgYmy2dQdWyKC1694ELPqMs/YzUSNozLt8A==}
    engines: {node: 4.x || >=6.0.0}
    peerDependencies:
      encoding: ^0.1.0
    peerDependenciesMeta:
      encoding:
        optional: true

  nypm@0.6.1:
    resolution: {integrity: sha512-hlacBiRiv1k9hZFiphPUkfSQ/ZfQzZDzC+8z0wL3lvDAOUu/2NnChkKuMoMjNur/9OpKuz2QsIeiPVN0xM5Q0w==}
    engines: {node: ^14.16.0 || >=16.10.0}
    hasBin: true

  ohash@2.0.11:
    resolution: {integrity: sha512-RdR9FQrFwNBNXAr4GixM8YaRZRJ5PUWbKYbE5eOsrwAjJW0q2REGcf79oYPsLyskQCZG1PLN+S/K1V00joZAoQ==}

  pathe@2.0.3:
    resolution: {integrity: sha512-WUjGcAqP1gQacoQe+OBJsFA7Ld4DyXuUIjZ5cc75cLHvJ7dtNsTugphxIADwspS+AraAUePCKrSVtPLFj/F88w==}

  perfect-debounce@1.0.0:
    resolution: {integrity: sha512-xCy9V055GLEqoFaHoC1SoLIaLmWctgCUaBaWxDZ7/Zx4CTyX7cJQLJOok/orfjZAh9kEYpjJa4d0KcJmCbctZA==}

  pkg-types@2.3.0:
    resolution: {integrity: sha512-SIqCzDRg0s9npO5XQ3tNZioRY1uK06lA41ynBC1YmFTmnY6FjUjVt6s4LoADmwoig1qqD0oK8h1p/8mlMx8Oig==}

  prisma@6.15.0:
    resolution: {integrity: sha512-E6RCgOt+kUVtjtZgLQDBJ6md2tDItLJNExwI0XJeBc1FKL+Vwb+ovxXxuok9r8oBgsOXBA33fGDuE/0qDdCWqQ==}
    engines: {node: '>=18.18'}
    hasBin: true
    peerDependencies:
      typescript: '>=5.1.0'
    peerDependenciesMeta:
      typescript:
        optional: true

  pure-rand@6.1.0:
    resolution: {integrity: sha512-bVWawvoZoBYpp6yIoQtQXHZjmz35RSVHnUOTefl8Vcjr8snTPY1wnpSPMWekcFwbxI6gtmT7rSYPFvz71ldiOA==}

  rc9@2.1.2:
    resolution: {integrity: sha512-btXCnMmRIBINM2LDZoEmOogIZU7Qe7zn4BpomSKZ/ykbLObuBdvG+mFq11DL6fjH1DRwHhrlgtYWG96bJiC7Cg==}

  readdirp@4.1.2:
    resolution: {integrity: sha512-GDhwkLfywWL2s6vEjyhri+eXmfH6j1L7JE27WhqLeYzoh/A3DBaYGEj2H/HFZCn/kMfim73FXxEJTw06WtxQwg==}
    engines: {node: '>= 14.18.0'}

  resolve-pkg-maps@1.0.0:
    resolution: {integrity: sha512-seS2Tj26TBVOC2NIc2rOe2y2ZO7efxITtLZcGSOnHHNOQ7CkiUBfw0Iw2ck6xkIhPwLhKNLS8BO+hEpngQlqzw==}

  tinyexec@1.0.1:
    resolution: {integrity: sha512-5uC6DDlmeqiOwCPmK9jMSdOuZTh8bU39Ys6yidB+UTt5hfZUPGAypSgFRiEp+jbi9qH40BLDvy85jIU88wKSqw==}

  tr46@0.0.3:
    resolution: {integrity: sha512-N3WMsuqV66lT30CrXNbEjx4GEwlow3v6rr4mCcv6prnfwhS01rkgyFdjPNBYd9br7LpXV1+Emh01fHnq2Gdgrw==}

  tsx@4.20.5:
    resolution: {integrity: sha512-+wKjMNU9w/EaQayHXb7WA7ZaHY6hN8WgfvHNQ3t1PnU91/7O8TcTnIhCDYTZwnt8JsO9IBqZ30Ln1r7pPF52Aw==}
    engines: {node: '>=18.0.0'}
    hasBin: true

  typescript@5.9.2:
    resolution: {integrity: sha512-CWBzXQrc/qOkhidw1OzBTQuYRbfyxDXJMVJ1XNwUHGROVmuaeiEm3OslpZ1RV96d7SKKjZKrSJu3+t/xlw3R9A==}
    engines: {node: '>=14.17'}
    hasBin: true

  undici-types@7.10.0:
    resolution: {integrity: sha512-t5Fy/nfn+14LuOc2KNYg75vZqClpAiqscVvMygNnlsHBFpSXdJaYtXMcdNLpl/Qvc3P2cB3s6lOV51nqsFq4ag==}

  webidl-conversions@3.0.1:
    resolution: {integrity: sha512-2JAn3z8AR6rjK8Sm8orRC0h/bcl/DqL7tRPdGZ4I1CjdF+EaMLmYxBHyXuKL849eucPFhvBoxMsflfOb8kxaeQ==}

  whatwg-url@5.0.0:
    resolution: {integrity: sha512-saE57nupxk6v3HY35+jzBwYa0rKSy0XR8JSxZPwgLr7ys0IBzhGviA1/TUGJLmSVqs8pb9AnvICXEuOHLprYTw==}

  zod@4.1.5:
    resolution: {integrity: sha512-rcUUZqlLJgBC33IT3PNMgsCq6TzLQEG/Ei/KTCU0PedSWRMAXoOUN+4t/0H+Q8bdnLPdqUYnvboJT0bn/229qg==}

snapshots:

  '@esbuild/aix-ppc64@0.25.9':
    optional: true

  '@esbuild/android-arm64@0.25.9':
    optional: true

  '@esbuild/android-arm@0.25.9':
    optional: true

  '@esbuild/android-x64@0.25.9':
    optional: true

  '@esbuild/darwin-arm64@0.25.9':
    optional: true

  '@esbuild/darwin-x64@0.25.9':
    optional: true

  '@esbuild/freebsd-arm64@0.25.9':
    optional: true

  '@esbuild/freebsd-x64@0.25.9':
    optional: true

  '@esbuild/linux-arm64@0.25.9':
    optional: true

  '@esbuild/linux-arm@0.25.9':
    optional: true

  '@esbuild/linux-ia32@0.25.9':
    optional: true

  '@esbuild/linux-loong64@0.25.9':
    optional: true

  '@esbuild/linux-mips64el@0.25.9':
    optional: true

  '@esbuild/linux-ppc64@0.25.9':
    optional: true

  '@esbuild/linux-riscv64@0.25.9':
    optional: true

  '@esbuild/linux-s390x@0.25.9':
    optional: true

  '@esbuild/linux-x64@0.25.9':
    optional: true

  '@esbuild/netbsd-arm64@0.25.9':
    optional: true

  '@esbuild/netbsd-x64@0.25.9':
    optional: true

  '@esbuild/openbsd-arm64@0.25.9':
    optional: true

  '@esbuild/openbsd-x64@0.25.9':
    optional: true

  '@esbuild/openharmony-arm64@0.25.9':
    optional: true

  '@esbuild/sunos-x64@0.25.9':
    optional: true

  '@esbuild/win32-arm64@0.25.9':
    optional: true

  '@esbuild/win32-ia32@0.25.9':
    optional: true

  '@esbuild/win32-x64@0.25.9':
    optional: true

  '@grammyjs/types@3.22.1': {}

  '@prisma/client@6.15.0(prisma@6.15.0(typescript@5.9.2))(typescript@5.9.2)':
    optionalDependencies:
      prisma: 6.15.0(typescript@5.9.2)
      typescript: 5.9.2

  '@prisma/config@6.15.0':
    dependencies:
      c12: 3.1.0
      deepmerge-ts: 7.1.5
      effect: 3.16.12
      empathic: 2.0.0
    transitivePeerDependencies:
      - magicast

  '@prisma/debug@6.15.0': {}

  '@prisma/engines-version@6.15.0-5.85179d7826409ee107a6ba334b5e305ae3fba9fb': {}

  '@prisma/engines@6.15.0':
    dependencies:
      '@prisma/debug': 6.15.0
      '@prisma/engines-version': 6.15.0-5.85179d7826409ee107a6ba334b5e305ae3fba9fb
      '@prisma/fetch-engine': 6.15.0
      '@prisma/get-platform': 6.15.0

  '@prisma/fetch-engine@6.15.0':
    dependencies:
      '@prisma/debug': 6.15.0
      '@prisma/engines-version': 6.15.0-5.85179d7826409ee107a6ba334b5e305ae3fba9fb
      '@prisma/get-platform': 6.15.0

  '@prisma/get-platform@6.15.0':
    dependencies:
      '@prisma/debug': 6.15.0

  '@standard-schema/spec@1.0.0': {}

  '@types/node@24.3.0':
    dependencies:
      undici-types: 7.10.0

  abort-controller@3.0.0:
    dependencies:
      event-target-shim: 5.0.1

  c12@3.1.0:
    dependencies:
      chokidar: 4.0.3
      confbox: 0.2.2
      defu: 6.1.4
      dotenv: 16.6.1
      exsolve: 1.0.7
      giget: 2.0.0
      jiti: 2.5.1
      ohash: 2.0.11
      pathe: 2.0.3
      perfect-debounce: 1.0.0
      pkg-types: 2.3.0
      rc9: 2.1.2

  chokidar@4.0.3:
    dependencies:
      readdirp: 4.1.2

  citty@0.1.6:
    dependencies:
      consola: 3.4.2

  confbox@0.2.2: {}

  consola@3.4.2: {}

  debug@4.4.1:
    dependencies:
      ms: 2.1.3

  deepmerge-ts@7.1.5: {}

  defu@6.1.4: {}

  destr@2.0.5: {}

  dotenv@16.6.1: {}

  dotenv@17.2.1: {}

  effect@3.16.12:
    dependencies:
      '@standard-schema/spec': 1.0.0
      fast-check: 3.23.2

  empathic@2.0.0: {}

  esbuild@0.25.9:
    optionalDependencies:
      '@esbuild/aix-ppc64': 0.25.9
      '@esbuild/android-arm': 0.25.9
      '@esbuild/android-arm64': 0.25.9
      '@esbuild/android-x64': 0.25.9
      '@esbuild/darwin-arm64': 0.25.9
      '@esbuild/darwin-x64': 0.25.9
      '@esbuild/freebsd-arm64': 0.25.9
      '@esbuild/freebsd-x64': 0.25.9
      '@esbuild/linux-arm': 0.25.9
      '@esbuild/linux-arm64': 0.25.9
      '@esbuild/linux-ia32': 0.25.9
      '@esbuild/linux-loong64': 0.25.9
      '@esbuild/linux-mips64el': 0.25.9
      '@esbuild/linux-ppc64': 0.25.9
      '@esbuild/linux-riscv64': 0.25.9
      '@esbuild/linux-s390x': 0.25.9
      '@esbuild/linux-x64': 0.25.9
      '@esbuild/netbsd-arm64': 0.25.9
      '@esbuild/netbsd-x64': 0.25.9
      '@esbuild/openbsd-arm64': 0.25.9
      '@esbuild/openbsd-x64': 0.25.9
      '@esbuild/openharmony-arm64': 0.25.9
      '@esbuild/sunos-x64': 0.25.9
      '@esbuild/win32-arm64': 0.25.9
      '@esbuild/win32-ia32': 0.25.9
      '@esbuild/win32-x64': 0.25.9

  event-target-shim@5.0.1: {}

  exsolve@1.0.7: {}

  fast-check@3.23.2:
    dependencies:
      pure-rand: 6.1.0

  fsevents@2.3.3:
    optional: true

  get-tsconfig@4.10.1:
    dependencies:
      resolve-pkg-maps: 1.0.0

  giget@2.0.0:
    dependencies:
      citty: 0.1.6
      consola: 3.4.2
      defu: 6.1.4
      node-fetch-native: 1.6.7
      nypm: 0.6.1
      pathe: 2.0.3

  grammy@1.38.2:
    dependencies:
      '@grammyjs/types': 3.22.1
      abort-controller: 3.0.0
      debug: 4.4.1
      node-fetch: 2.7.0
    transitivePeerDependencies:
      - encoding
      - supports-color

  jiti@2.5.1: {}

  ms@2.1.3: {}

  node-fetch-native@1.6.7: {}

  node-fetch@2.7.0:
    dependencies:
      whatwg-url: 5.0.0

  nypm@0.6.1:
    dependencies:
      citty: 0.1.6
      consola: 3.4.2
      pathe: 2.0.3
      pkg-types: 2.3.0
      tinyexec: 1.0.1

  ohash@2.0.11: {}

  pathe@2.0.3: {}

  perfect-debounce@1.0.0: {}

  pkg-types@2.3.0:
    dependencies:
      confbox: 0.2.2
      exsolve: 1.0.7
      pathe: 2.0.3

  prisma@6.15.0(typescript@5.9.2):
    dependencies:
      '@prisma/config': 6.15.0
      '@prisma/engines': 6.15.0
    optionalDependencies:
      typescript: 5.9.2
    transitivePeerDependencies:
      - magicast

  pure-rand@6.1.0: {}

  rc9@2.1.2:
    dependencies:
      defu: 6.1.4
      destr: 2.0.5

  readdirp@4.1.2: {}

  resolve-pkg-maps@1.0.0: {}

  tinyexec@1.0.1: {}

  tr46@0.0.3: {}

  tsx@4.20.5:
    dependencies:
      esbuild: 0.25.9
      get-tsconfig: 4.10.1
    optionalDependencies:
      fsevents: 2.3.3

  typescript@5.9.2: {}

  undici-types@7.10.0: {}

  webidl-conversions@3.0.1: {}

  whatwg-url@5.0.0:
    dependencies:
      tr46: 0.0.3
      webidl-conversions: 3.0.1

  zod@4.1.5: {}
